
Microsoft Visual Studio Solution File, Format Version 11.00
# Visual Studio 2010
Project("{FAE04EC0-301F-11D3-BF4B-00C04F79EFBC}") = "UnityEngine.TestRunner", "UnityEngine.TestRunner.csproj", "{600CC3EE-6F4B-F4AA-C0E5-08F41D7645F7}"
EndProject
Project("{FAE04EC0-301F-11D3-BF4B-00C04F79EFBC}") = "PhotonUnityNetworking.Demos", "PhotonUnityNetworking.Demos.csproj", "{C5890C20-EF39-0CB3-A2A0-22445F2CDD13}"
EndProject
Project("{FAE04EC0-301F-11D3-BF4B-00C04F79EFBC}") = "PhotonUnityNetworking.Utilities", "PhotonUnityNetworking.Utilities.csproj", "{6235D303-C62B-CCAB-3851-B21C345A7AE6}"
EndProject
Project("{FAE04EC0-301F-11D3-BF4B-00C04F79EFBC}") = "UnityEngine.UI", "UnityEngine.UI.csproj", "{7161C045-2A49-474B-E4A2-0D8152009532}"
EndProject
Project("{FAE04EC0-301F-11D3-BF4B-00C04F79EFBC}") = "Unity.TextMeshPro", "Unity.TextMeshPro.csproj", "{C852CDC2-94AD-546D-4B4A-1A6978D12D94}"
EndProject
Project("{FAE04EC0-301F-11D3-BF4B-00C04F79EFBC}") = "Unity.Timeline", "Unity.Timeline.csproj", "{3FB88514-C8E8-D93C-0349-BDCA7512E275}"
EndProject
Project("{FAE04EC0-301F-11D3-BF4B-00C04F79EFBC}") = "Assembly-CSharp", "Assembly-CSharp.csproj", "{A9DE3B74-8E7C-A465-19D4-C979F303D20D}"
EndProject
Project("{FAE04EC0-301F-11D3-BF4B-00C04F79EFBC}") = "PhotonChat", "PhotonChat.csproj", "{AD6032F5-E893-A744-DD01-4C51FD42DFA3}"
EndProject
Project("{FAE04EC0-301F-11D3-BF4B-00C04F79EFBC}") = "PhotonUnityNetworking", "PhotonUnityNetworking.csproj", "{58A68F8F-72DE-12E3-02C7-528DC1F26D07}"
EndProject
Project("{FAE04EC0-301F-11D3-BF4B-00C04F79EFBC}") = "PhotonRealtime", "PhotonRealtime.csproj", "{BA64562E-8175-D24A-2E72-ED616EA7CB25}"
EndProject
Project("{FAE04EC0-301F-11D3-BF4B-00C04F79EFBC}") = "PhotonWebSocket", "PhotonWebSocket.csproj", "{DBBF88EF-28BE-1601-FDB9-524BB5193FA9}"
EndProject
Project("{FAE04EC0-301F-11D3-BF4B-00C04F79EFBC}") = "Unity.TextMeshPro.Editor", "Unity.TextMeshPro.Editor.csproj", "{F292B204-6AB1-34C4-33E2-8E719AAAF44A}"
EndProject
Project("{FAE04EC0-301F-11D3-BF4B-00C04F79EFBC}") = "Unity.Timeline.Editor", "Unity.Timeline.Editor.csproj", "{6F386357-5A45-D013-269B-E1E3E006DD34}"
EndProject
Project("{FAE04EC0-301F-11D3-BF4B-00C04F79EFBC}") = "UnityEditor.TestRunner", "UnityEditor.TestRunner.csproj", "{BF3DAE43-0897-254F-3E95-443F9989B29C}"
EndProject
Project("{FAE04EC0-301F-11D3-BF4B-00C04F79EFBC}") = "Unity.2D.Sprite.Editor", "Unity.2D.Sprite.Editor.csproj", "{DA05A489-E7FD-A1AE-EB74-E4F3543236DE}"
EndProject
Project("{FAE04EC0-301F-11D3-BF4B-00C04F79EFBC}") = "UnityEditor.UI", "UnityEditor.UI.csproj", "{F86C9886-3301-41F2-AB13-A29F968F992F}"
EndProject
Project("{FAE04EC0-301F-11D3-BF4B-00C04F79EFBC}") = "Unity.Rider.Editor", "Unity.Rider.Editor.csproj", "{BD8321B4-6EA1-DEDC-E3D1-B824A2510FB7}"
EndProject
Project("{FAE04EC0-301F-11D3-BF4B-00C04F79EFBC}") = "Unity.CollabProxy.Editor", "Unity.CollabProxy.Editor.csproj", "{637E526F-8245-0064-6334-663E386D37C3}"
EndProject
Project("{FAE04EC0-301F-11D3-BF4B-00C04F79EFBC}") = "PhotonUnityNetworking.Editor", "PhotonUnityNetworking.Editor.csproj", "{50A05A27-9E95-D4DA-4F20-D198C34B9A42}"
EndProject
Project("{FAE04EC0-301F-11D3-BF4B-00C04F79EFBC}") = "Unity.VSCode.Editor", "Unity.VSCode.Editor.csproj", "{48C4BF71-B642-9500-1891-528442AB5437}"
EndProject
Project("{FAE04EC0-301F-11D3-BF4B-00C04F79EFBC}") = "PunDemos.DemoHubEditor", "PunDemos.DemoHubEditor.csproj", "{54C36C3F-2631-C135-5F94-66EA63A601E5}"
EndProject
Project("{FAE04EC0-301F-11D3-BF4B-00C04F79EFBC}") = "PhotonUnityNetworking.Utilities.PhotonPlayer.Editor", "PhotonUnityNetworking.Utilities.PhotonPlayer.Editor.csproj", "{85E9F48E-2506-0C42-467C-86A31003AB10}"
EndProject
Project("{FAE04EC0-301F-11D3-BF4B-00C04F79EFBC}") = "PhotonUnityNetworking.Utilities.Culling.Editor", "PhotonUnityNetworking.Utilities.Culling.Editor.csproj", "{5E4C74C9-545D-39FD-F7A6-1FF0CE4FA83D}"
EndProject
Project("{FAE04EC0-301F-11D3-BF4B-00C04F79EFBC}") = "Assembly-CSharp-Editor", "Assembly-CSharp-Editor.csproj", "{83C6603D-4418-24D4-4CF1-D007E700B380}"
EndProject
Project("{FAE04EC0-301F-11D3-BF4B-00C04F79EFBC}") = "PunDemos.DemoSlotcarEditor", "PunDemos.DemoSlotcarEditor.csproj", "{AF6F79F1-647A-EF56-9324-A8043B222234}"
EndProject
Global
	GlobalSection(SolutionConfigurationPlatforms) = preSolution
		Debug|Any CPU = Debug|Any CPU
		Release|Any CPU = Release|Any CPU
	EndGlobalSection
	GlobalSection(ProjectConfigurationPlatforms) = postSolution
		{600CC3EE-6F4B-F4AA-C0E5-08F41D7645F7}.Debug|Any CPU.ActiveCfg = Debug|Any CPU
		{600CC3EE-6F4B-F4AA-C0E5-08F41D7645F7}.Debug|Any CPU.Build.0 = Debug|Any CPU
		{600CC3EE-6F4B-F4AA-C0E5-08F41D7645F7}.Release|Any CPU.ActiveCfg = Release|Any CPU
		{600CC3EE-6F4B-F4AA-C0E5-08F41D7645F7}.Release|Any CPU.Build.0 = Release|Any CPU
		{C5890C20-EF39-0CB3-A2A0-22445F2CDD13}.Debug|Any CPU.ActiveCfg = Debug|Any CPU
		{C5890C20-EF39-0CB3-A2A0-22445F2CDD13}.Debug|Any CPU.Build.0 = Debug|Any CPU
		{C5890C20-EF39-0CB3-A2A0-22445F2CDD13}.Release|Any CPU.ActiveCfg = Release|Any CPU
		{C5890C20-EF39-0CB3-A2A0-22445F2CDD13}.Release|Any CPU.Build.0 = Release|Any CPU
		{6235D303-C62B-CCAB-3851-B21C345A7AE6}.Debug|Any CPU.ActiveCfg = Debug|Any CPU
		{6235D303-C62B-CCAB-3851-B21C345A7AE6}.Debug|Any CPU.Build.0 = Debug|Any CPU
		{6235D303-C62B-CCAB-3851-B21C345A7AE6}.Release|Any CPU.ActiveCfg = Release|Any CPU
		{6235D303-C62B-CCAB-3851-B21C345A7AE6}.Release|Any CPU.Build.0 = Release|Any CPU
		{7161C045-2A49-474B-E4A2-0D8152009532}.Debug|Any CPU.ActiveCfg = Debug|Any CPU
		{7161C045-2A49-474B-E4A2-0D8152009532}.Debug|Any CPU.Build.0 = Debug|Any CPU
		{7161C045-2A49-474B-E4A2-0D8152009532}.Release|Any CPU.ActiveCfg = Release|Any CPU
		{7161C045-2A49-474B-E4A2-0D8152009532}.Release|Any CPU.Build.0 = Release|Any CPU
		{C852CDC2-94AD-546D-4B4A-1A6978D12D94}.Debug|Any CPU.ActiveCfg = Debug|Any CPU
		{C852CDC2-94AD-546D-4B4A-1A6978D12D94}.Debug|Any CPU.Build.0 = Debug|Any CPU
		{C852CDC2-94AD-546D-4B4A-1A6978D12D94}.Release|Any CPU.ActiveCfg = Release|Any CPU
		{C852CDC2-94AD-546D-4B4A-1A6978D12D94}.Release|Any CPU.Build.0 = Release|Any CPU
		{3FB88514-C8E8-D93C-0349-BDCA7512E275}.Debug|Any CPU.ActiveCfg = Debug|Any CPU
		{3FB88514-C8E8-D93C-0349-BDCA7512E275}.Debug|Any CPU.Build.0 = Debug|Any CPU
		{3FB88514-C8E8-D93C-0349-BDCA7512E275}.Release|Any CPU.ActiveCfg = Release|Any CPU
		{3FB88514-C8E8-D93C-0349-BDCA7512E275}.Release|Any CPU.Build.0 = Release|Any CPU
		{A9DE3B74-8E7C-A465-19D4-C979F303D20D}.Debug|Any CPU.ActiveCfg = Debug|Any CPU
		{A9DE3B74-8E7C-A465-19D4-C979F303D20D}.Debug|Any CPU.Build.0 = Debug|Any CPU
		{A9DE3B74-8E7C-A465-19D4-C979F303D20D}.Release|Any CPU.ActiveCfg = Release|Any CPU
		{A9DE3B74-8E7C-A465-19D4-C979F303D20D}.Release|Any CPU.Build.0 = Release|Any CPU
		{AD6032F5-E893-A744-DD01-4C51FD42DFA3}.Debug|Any CPU.ActiveCfg = Debug|Any CPU
		{AD6032F5-E893-A744-DD01-4C51FD42DFA3}.Debug|Any CPU.Build.0 = Debug|Any CPU
		{AD6032F5-E893-A744-DD01-4C51FD42DFA3}.Release|Any CPU.ActiveCfg = Release|Any CPU
		{AD6032F5-E893-A744-DD01-4C51FD42DFA3}.Release|Any CPU.Build.0 = Release|Any CPU
		{58A68F8F-72DE-12E3-02C7-528DC1F26D07}.Debug|Any CPU.ActiveCfg = Debug|Any CPU
		{58A68F8F-72DE-12E3-02C7-528DC1F26D07}.Debug|Any CPU.Build.0 = Debug|Any CPU
		{58A68F8F-72DE-12E3-02C7-528DC1F26D07}.Release|Any CPU.ActiveCfg = Release|Any CPU
		{58A68F8F-72DE-12E3-02C7-528DC1F26D07}.Release|Any CPU.Build.0 = Release|Any CPU
		{BA64562E-8175-D24A-2E72-ED616EA7CB25}.Debug|Any CPU.ActiveCfg = Debug|Any CPU
		{BA64562E-8175-D24A-2E72-ED616EA7CB25}.Debug|Any CPU.Build.0 = Debug|Any CPU
		{BA64562E-8175-D24A-2E72-ED616EA7CB25}.Release|Any CPU.ActiveCfg = Release|Any CPU
		{BA64562E-8175-D24A-2E72-ED616EA7CB25}.Release|Any CPU.Build.0 = Release|Any CPU
		{DBBF88EF-28BE-1601-FDB9-524BB5193FA9}.Debug|Any CPU.ActiveCfg = Debug|Any CPU
		{DBBF88EF-28BE-1601-FDB9-524BB5193FA9}.Debug|Any CPU.Build.0 = Debug|Any CPU
		{DBBF88EF-28BE-1601-FDB9-524BB5193FA9}.Release|Any CPU.ActiveCfg = Release|Any CPU
		{DBBF88EF-28BE-1601-FDB9-524BB5193FA9}.Release|Any CPU.Build.0 = Release|Any CPU
		{F292B204-6AB1-34C4-33E2-8E719AAAF44A}.Debug|Any CPU.ActiveCfg = Debug|Any CPU
		{F292B204-6AB1-34C4-33E2-8E719AAAF44A}.Debug|Any CPU.Build.0 = Debug|Any CPU
		{F292B204-6AB1-34C4-33E2-8E719AAAF44A}.Release|Any CPU.ActiveCfg = Release|Any CPU
		{F292B204-6AB1-34C4-33E2-8E719AAAF44A}.Release|Any CPU.Build.0 = Release|Any CPU
		{6F386357-5A45-D013-269B-E1E3E006DD34}.Debug|Any CPU.ActiveCfg = Debug|Any CPU
		{6F386357-5A45-D013-269B-E1E3E006DD34}.Debug|Any CPU.Build.0 = Debug|Any CPU
		{6F386357-5A45-D013-269B-E1E3E006DD34}.Release|Any CPU.ActiveCfg = Release|Any CPU
		{6F386357-5A45-D013-269B-E1E3E006DD34}.Release|Any CPU.Build.0 = Release|Any CPU
		{BF3DAE43-0897-254F-3E95-443F9989B29C}.Debug|Any CPU.ActiveCfg = Debug|Any CPU
		{BF3DAE43-0897-254F-3E95-443F9989B29C}.Debug|Any CPU.Build.0 = Debug|Any CPU
		{BF3DAE43-0897-254F-3E95-443F9989B29C}.Release|Any CPU.ActiveCfg = Release|Any CPU
		{BF3DAE43-0897-254F-3E95-443F9989B29C}.Release|Any CPU.Build.0 = Release|Any CPU
		{DA05A489-E7FD-A1AE-EB74-E4F3543236DE}.Debug|Any CPU.ActiveCfg = Debug|Any CPU
		{DA05A489-E7FD-A1AE-EB74-E4F3543236DE}.Debug|Any CPU.Build.0 = Debug|Any CPU
		{DA05A489-E7FD-A1AE-EB74-E4F3543236DE}.Release|Any CPU.ActiveCfg = Release|Any CPU
		{DA05A489-E7FD-A1AE-EB74-E4F3543236DE}.Release|Any CPU.Build.0 = Release|Any CPU
		{F86C9886-3301-41F2-AB13-A29F968F992F}.Debug|Any CPU.ActiveCfg = Debug|Any CPU
		{F86C9886-3301-41F2-AB13-A29F968F992F}.Debug|Any CPU.Build.0 = Debug|Any CPU
		{F86C9886-3301-41F2-AB13-A29F968F992F}.Release|Any CPU.ActiveCfg = Release|Any CPU
		{F86C9886-3301-41F2-AB13-A29F968F992F}.Release|Any CPU.Build.0 = Release|Any CPU
		{BD8321B4-6EA1-DEDC-E3D1-B824A2510FB7}.Debug|Any CPU.ActiveCfg = Debug|Any CPU
		{BD8321B4-6EA1-DEDC-E3D1-B824A2510FB7}.Debug|Any CPU.Build.0 = Debug|Any CPU
		{BD8321B4-6EA1-DEDC-E3D1-B824A2510FB7}.Release|Any CPU.ActiveCfg = Release|Any CPU
		{BD8321B4-6EA1-DEDC-E3D1-B824A2510FB7}.Release|Any CPU.Build.0 = Release|Any CPU
		{637E526F-8245-0064-6334-663E386D37C3}.Debug|Any CPU.ActiveCfg = Debug|Any CPU
		{637E526F-8245-0064-6334-663E386D37C3}.Debug|Any CPU.Build.0 = Debug|Any CPU
		{637E526F-8245-0064-6334-663E386D37C3}.Release|Any CPU.ActiveCfg = Release|Any CPU
		{637E526F-8245-0064-6334-663E386D37C3}.Release|Any CPU.Build.0 = Release|Any CPU
		{50A05A27-9E95-D4DA-4F20-D198C34B9A42}.Debug|Any CPU.ActiveCfg = Debug|Any CPU
		{50A05A27-9E95-D4DA-4F20-D198C34B9A42}.Debug|Any CPU.Build.0 = Debug|Any CPU
		{50A05A27-9E95-D4DA-4F20-D198C34B9A42}.Release|Any CPU.ActiveCfg = Release|Any CPU
		{50A05A27-9E95-D4DA-4F20-D198C34B9A42}.Release|Any CPU.Build.0 = Release|Any CPU
		{48C4BF71-B642-9500-1891-528442AB5437}.Debug|Any CPU.ActiveCfg = Debug|Any CPU
		{48C4BF71-B642-9500-1891-528442AB5437}.Debug|Any CPU.Build.0 = Debug|Any CPU
		{48C4BF71-B642-9500-1891-528442AB5437}.Release|Any CPU.ActiveCfg = Release|Any CPU
		{48C4BF71-B642-9500-1891-528442AB5437}.Release|Any CPU.Build.0 = Release|Any CPU
		{54C36C3F-2631-C135-5F94-66EA63A601E5}.Debug|Any CPU.ActiveCfg = Debug|Any CPU
		{54C36C3F-2631-C135-5F94-66EA63A601E5}.Debug|Any CPU.Build.0 = Debug|Any CPU
		{54C36C3F-2631-C135-5F94-66EA63A601E5}.Release|Any CPU.ActiveCfg = Release|Any CPU
		{54C36C3F-2631-C135-5F94-66EA63A601E5}.Release|Any CPU.Build.0 = Release|Any CPU
		{85E9F48E-2506-0C42-467C-86A31003AB10}.Debug|Any CPU.ActiveCfg = Debug|Any CPU
		{85E9F48E-2506-0C42-467C-86A31003AB10}.Debug|Any CPU.Build.0 = Debug|Any CPU
		{85E9F48E-2506-0C42-467C-86A31003AB10}.Release|Any CPU.ActiveCfg = Release|Any CPU
		{85E9F48E-2506-0C42-467C-86A31003AB10}.Release|Any CPU.Build.0 = Release|Any CPU
		{5E4C74C9-545D-39FD-F7A6-1FF0CE4FA83D}.Debug|Any CPU.ActiveCfg = Debug|Any CPU
		{5E4C74C9-545D-39FD-F7A6-1FF0CE4FA83D}.Debug|Any CPU.Build.0 = Debug|Any CPU
		{5E4C74C9-545D-39FD-F7A6-1FF0CE4FA83D}.Release|Any CPU.ActiveCfg = Release|Any CPU
		{5E4C74C9-545D-39FD-F7A6-1FF0CE4FA83D}.Release|Any CPU.Build.0 = Release|Any CPU
		{83C6603D-4418-24D4-4CF1-D007E700B380}.Debug|Any CPU.ActiveCfg = Debug|Any CPU
		{83C6603D-4418-24D4-4CF1-D007E700B380}.Debug|Any CPU.Build.0 = Debug|Any CPU
		{83C6603D-4418-24D4-4CF1-D007E700B380}.Release|Any CPU.ActiveCfg = Release|Any CPU
		{83C6603D-4418-24D4-4CF1-D007E700B380}.Release|Any CPU.Build.0 = Release|Any CPU
		{AF6F79F1-647A-EF56-9324-A8043B222234}.Debug|Any CPU.ActiveCfg = Debug|Any CPU
		{AF6F79F1-647A-EF56-9324-A8043B222234}.Debug|Any CPU.Build.0 = Debug|Any CPU
		{AF6F79F1-647A-EF56-9324-A8043B222234}.Release|Any CPU.ActiveCfg = Release|Any CPU
		{AF6F79F1-647A-EF56-9324-A8043B222234}.Release|Any CPU.Build.0 = Release|Any CPU
	EndGlobalSection
	GlobalSection(SolutionProperties) = preSolution
		HideSolutionNode = FALSE
	EndGlobalSection
EndGlobal
