
Microsoft Visual Studio Solution File, Format Version 12.00
# Visual Studio 15
Project("{FAE04EC0-301F-11D3-BF4B-00C04F79EFBC}") = "PhotonUnityNetworking.Demos", "PhotonUnityNetworking.Demos.csproj", "{84DB2F35-0A27-CD13-9808-FB08EB37C2BC}"
EndProject
Project("{FAE04EC0-301F-11D3-BF4B-00C04F79EFBC}") = "PhotonUnityNetworking.Utilities", "PhotonUnityNetworking.Utilities.csproj", "{0BCD9806-457D-5478-6549-61C284626DA6}"
EndProject
Project("{FAE04EC0-301F-11D3-BF4B-00C04F79EFBC}") = "Assembly-CSharp", "Assembly-CSharp.csproj", "{FAA0068A-9193-C2DD-94B3-E879A76F5403}"
EndProject
Project("{FAE04EC0-301F-11D3-BF4B-00C04F79EFBC}") = "PhotonChat", "PhotonChat.csproj", "{0D62A49F-ADFE-EFBE-1E45-E74F63A5C343}"
EndProject
Project("{FAE04EC0-301F-11D3-BF4B-00C04F79EFBC}") = "PhotonUnityNetworking", "PhotonUnityNetworking.csproj", "{3BCD34FF-E24F-B592-DB8A-E6AF9A88B9BC}"
EndProject
Project("{FAE04EC0-301F-11D3-BF4B-00C04F79EFBC}") = "PhotonRealtime", "PhotonRealtime.csproj", "{84C56E92-A263-AD82-431C-1B221F6B2827}"
EndProject
Project("{FAE04EC0-301F-11D3-BF4B-00C04F79EFBC}") = "PhotonWebSocket", "PhotonWebSocket.csproj", "{8568E463-0C09-8862-6A79-F365386BF4D0}"
EndProject
Project("{FAE04EC0-301F-11D3-BF4B-00C04F79EFBC}") = "PhotonUnityNetworking.Editor", "PhotonUnityNetworking.Editor.csproj", "{375EADB8-380B-C8A6-FD51-2CA464EF5D3D}"
EndProject
Project("{FAE04EC0-301F-11D3-BF4B-00C04F79EFBC}") = "PunDemos.DemoHubEditor", "PunDemos.DemoHubEditor.csproj", "{1F12C1FE-B0EC-BF7B-3AA9-7FF80639B102}"
EndProject
Project("{FAE04EC0-301F-11D3-BF4B-00C04F79EFBC}") = "PhotonUnityNetworking.Utilities.PhotonPlayer.Editor", "PhotonUnityNetworking.Utilities.PhotonPlayer.Editor.csproj", "{77FD030A-26E4-38BA-AA42-39BC1D663067}"
EndProject
Project("{FAE04EC0-301F-11D3-BF4B-00C04F79EFBC}") = "PhotonUnityNetworking.Utilities.Culling.Editor", "PhotonUnityNetworking.Utilities.Culling.Editor.csproj", "{1B7CDA33-8C72-5689-EE43-1744240E881D}"
EndProject
Project("{FAE04EC0-301F-11D3-BF4B-00C04F79EFBC}") = "Assembly-CSharp-Editor", "Assembly-CSharp-Editor.csproj", "{CE3A19AD-ABEC-D666-F0ED-1345144913AA}"
EndProject
Project("{FAE04EC0-301F-11D3-BF4B-00C04F79EFBC}") = "PunDemos.DemoSlotcarEditor", "PunDemos.DemoSlotcarEditor.csproj", "{74875235-9495-80E6-8C68-04749715122A}"
EndProject
Global
	GlobalSection(SolutionConfigurationPlatforms) = preSolution
		Debug|Any CPU = Debug|Any CPU
		Release|Any CPU = Release|Any CPU
	EndGlobalSection
	GlobalSection(ProjectConfigurationPlatforms) = postSolution
		{84DB2F35-0A27-CD13-9808-FB08EB37C2BC}.Debug|Any CPU.ActiveCfg = Debug|Any CPU
		{84DB2F35-0A27-CD13-9808-FB08EB37C2BC}.Debug|Any CPU.Build.0 = Debug|Any CPU
		{84DB2F35-0A27-CD13-9808-FB08EB37C2BC}.Release|Any CPU.ActiveCfg = Release|Any CPU
		{84DB2F35-0A27-CD13-9808-FB08EB37C2BC}.Release|Any CPU.Build.0 = Release|Any CPU
		{0BCD9806-457D-5478-6549-61C284626DA6}.Debug|Any CPU.ActiveCfg = Debug|Any CPU
		{0BCD9806-457D-5478-6549-61C284626DA6}.Debug|Any CPU.Build.0 = Debug|Any CPU
		{0BCD9806-457D-5478-6549-61C284626DA6}.Release|Any CPU.ActiveCfg = Release|Any CPU
		{0BCD9806-457D-5478-6549-61C284626DA6}.Release|Any CPU.Build.0 = Release|Any CPU
		{FAA0068A-9193-C2DD-94B3-E879A76F5403}.Debug|Any CPU.ActiveCfg = Debug|Any CPU
		{FAA0068A-9193-C2DD-94B3-E879A76F5403}.Debug|Any CPU.Build.0 = Debug|Any CPU
		{FAA0068A-9193-C2DD-94B3-E879A76F5403}.Release|Any CPU.ActiveCfg = Release|Any CPU
		{FAA0068A-9193-C2DD-94B3-E879A76F5403}.Release|Any CPU.Build.0 = Release|Any CPU
		{0D62A49F-ADFE-EFBE-1E45-E74F63A5C343}.Debug|Any CPU.ActiveCfg = Debug|Any CPU
		{0D62A49F-ADFE-EFBE-1E45-E74F63A5C343}.Debug|Any CPU.Build.0 = Debug|Any CPU
		{0D62A49F-ADFE-EFBE-1E45-E74F63A5C343}.Release|Any CPU.ActiveCfg = Release|Any CPU
		{0D62A49F-ADFE-EFBE-1E45-E74F63A5C343}.Release|Any CPU.Build.0 = Release|Any CPU
		{3BCD34FF-E24F-B592-DB8A-E6AF9A88B9BC}.Debug|Any CPU.ActiveCfg = Debug|Any CPU
		{3BCD34FF-E24F-B592-DB8A-E6AF9A88B9BC}.Debug|Any CPU.Build.0 = Debug|Any CPU
		{3BCD34FF-E24F-B592-DB8A-E6AF9A88B9BC}.Release|Any CPU.ActiveCfg = Release|Any CPU
		{3BCD34FF-E24F-B592-DB8A-E6AF9A88B9BC}.Release|Any CPU.Build.0 = Release|Any CPU
		{84C56E92-A263-AD82-431C-1B221F6B2827}.Debug|Any CPU.ActiveCfg = Debug|Any CPU
		{84C56E92-A263-AD82-431C-1B221F6B2827}.Debug|Any CPU.Build.0 = Debug|Any CPU
		{84C56E92-A263-AD82-431C-1B221F6B2827}.Release|Any CPU.ActiveCfg = Release|Any CPU
		{84C56E92-A263-AD82-431C-1B221F6B2827}.Release|Any CPU.Build.0 = Release|Any CPU
		{8568E463-0C09-8862-6A79-F365386BF4D0}.Debug|Any CPU.ActiveCfg = Debug|Any CPU
		{8568E463-0C09-8862-6A79-F365386BF4D0}.Debug|Any CPU.Build.0 = Debug|Any CPU
		{8568E463-0C09-8862-6A79-F365386BF4D0}.Release|Any CPU.ActiveCfg = Release|Any CPU
		{8568E463-0C09-8862-6A79-F365386BF4D0}.Release|Any CPU.Build.0 = Release|Any CPU
		{375EADB8-380B-C8A6-FD51-2CA464EF5D3D}.Debug|Any CPU.ActiveCfg = Debug|Any CPU
		{375EADB8-380B-C8A6-FD51-2CA464EF5D3D}.Debug|Any CPU.Build.0 = Debug|Any CPU
		{375EADB8-380B-C8A6-FD51-2CA464EF5D3D}.Release|Any CPU.ActiveCfg = Release|Any CPU
		{375EADB8-380B-C8A6-FD51-2CA464EF5D3D}.Release|Any CPU.Build.0 = Release|Any CPU
		{1F12C1FE-B0EC-BF7B-3AA9-7FF80639B102}.Debug|Any CPU.ActiveCfg = Debug|Any CPU
		{1F12C1FE-B0EC-BF7B-3AA9-7FF80639B102}.Debug|Any CPU.Build.0 = Debug|Any CPU
		{1F12C1FE-B0EC-BF7B-3AA9-7FF80639B102}.Release|Any CPU.ActiveCfg = Release|Any CPU
		{1F12C1FE-B0EC-BF7B-3AA9-7FF80639B102}.Release|Any CPU.Build.0 = Release|Any CPU
		{77FD030A-26E4-38BA-AA42-39BC1D663067}.Debug|Any CPU.ActiveCfg = Debug|Any CPU
		{77FD030A-26E4-38BA-AA42-39BC1D663067}.Debug|Any CPU.Build.0 = Debug|Any CPU
		{77FD030A-26E4-38BA-AA42-39BC1D663067}.Release|Any CPU.ActiveCfg = Release|Any CPU
		{77FD030A-26E4-38BA-AA42-39BC1D663067}.Release|Any CPU.Build.0 = Release|Any CPU
		{1B7CDA33-8C72-5689-EE43-1744240E881D}.Debug|Any CPU.ActiveCfg = Debug|Any CPU
		{1B7CDA33-8C72-5689-EE43-1744240E881D}.Debug|Any CPU.Build.0 = Debug|Any CPU
		{1B7CDA33-8C72-5689-EE43-1744240E881D}.Release|Any CPU.ActiveCfg = Release|Any CPU
		{1B7CDA33-8C72-5689-EE43-1744240E881D}.Release|Any CPU.Build.0 = Release|Any CPU
		{CE3A19AD-ABEC-D666-F0ED-1345144913AA}.Debug|Any CPU.ActiveCfg = Debug|Any CPU
		{CE3A19AD-ABEC-D666-F0ED-1345144913AA}.Debug|Any CPU.Build.0 = Debug|Any CPU
		{CE3A19AD-ABEC-D666-F0ED-1345144913AA}.Release|Any CPU.ActiveCfg = Release|Any CPU
		{CE3A19AD-ABEC-D666-F0ED-1345144913AA}.Release|Any CPU.Build.0 = Release|Any CPU
		{74875235-9495-80E6-8C68-04749715122A}.Debug|Any CPU.ActiveCfg = Debug|Any CPU
		{74875235-9495-80E6-8C68-04749715122A}.Debug|Any CPU.Build.0 = Debug|Any CPU
		{74875235-9495-80E6-8C68-04749715122A}.Release|Any CPU.ActiveCfg = Release|Any CPU
		{74875235-9495-80E6-8C68-04749715122A}.Release|Any CPU.Build.0 = Release|Any CPU
	EndGlobalSection
	GlobalSection(SolutionProperties) = preSolution
		HideSolutionNode = FALSE
	EndGlobalSection
EndGlobal
